
Microsoft Visual Studio Solution File, Format Version 12.00
# Visual Studio Version 17
VisualStudioVersion = 17.11.35312.102
MinimumVisualStudioVersion = 10.0.40219.1
Project("{2150E333-8FDC-42A3-9474-1A3956D46DE8}") = "EJERCICIO1", "EJERCICIO1", "{00A00976-D0A0-4CAE-9D85-91979F989F98}"
EndProject
Project("{FAE04EC0-301F-11D3-BF4B-00C04F79EFBC}") = "1", "1\1.csproj", "{0E1CE40F-4A44-4AC4-97E1-ABEE14E8D971}"
EndProject
Project("{2150E333-8FDC-42A3-9474-1A3956D46DE8}") = "EJERCICIO2", "EJERCICIO2", "{13BF43BA-DB41-4278-AC5F-847B068B4C61}"
EndProject
Project("{FAE04EC0-301F-11D3-BF4B-00C04F79EFBC}") = "2", "2\2.csproj", "{F75BB2BA-AF62-45E2-8C10-0D3FB8E6F8D7}"
EndProject
Project("{2150E333-8FDC-42A3-9474-1A3956D46DE8}") = "EJERCICIO.PILA.1", "EJERCICIO.PILA.1", "{E275EE36-9845-4808-9A3C-58EA46CDFBFC}"
EndProject
Project("{9A19103F-16F7-4668-BE54-9A1E7A4F7556}") = "01", "01\01.csproj", "{8EFF1C1B-4A84-4124-BFDF-9F9C67991F5A}"
EndProject
Project("{2150E333-8FDC-42A3-9474-1A3956D46DE8}") = "EJERCICIO.PILA.2", "EJERCICIO.PILA.2", "{B4AD23F2-D456-4A2E-A9DA-223B853ED2C0}"
EndProject
Project("{9A19103F-16F7-4668-BE54-9A1E7A4F7556}") = "02", "02\02.csproj", "{75ACAE06-BE63-4A77-BE10-BF6BC8BED74C}"
EndProject
Project("{2150E333-8FDC-42A3-9474-1A3956D46DE8}") = "EJERCICIO.COLA.1", "EJERCICIO.COLA.1", "{C0D5F01C-0548-474A-A836-42B5690FE156}"
EndProject
Project("{FAE04EC0-301F-11D3-BF4B-00C04F79EFBC}") = "001", "001\001.csproj", "{ABB359CC-EEC0-4331-9741-427B7F210CF4}"
EndProject
Global
	GlobalSection(SolutionConfigurationPlatforms) = preSolution
		Debug|Any CPU = Debug|Any CPU
		Release|Any CPU = Release|Any CPU
	EndGlobalSection
	GlobalSection(ProjectConfigurationPlatforms) = postSolution
		{0E1CE40F-4A44-4AC4-97E1-ABEE14E8D971}.Debug|Any CPU.ActiveCfg = Debug|Any CPU
		{0E1CE40F-4A44-4AC4-97E1-ABEE14E8D971}.Debug|Any CPU.Build.0 = Debug|Any CPU
		{0E1CE40F-4A44-4AC4-97E1-ABEE14E8D971}.Release|Any CPU.ActiveCfg = Release|Any CPU
		{0E1CE40F-4A44-4AC4-97E1-ABEE14E8D971}.Release|Any CPU.Build.0 = Release|Any CPU
		{F75BB2BA-AF62-45E2-8C10-0D3FB8E6F8D7}.Debug|Any CPU.ActiveCfg = Debug|Any CPU
		{F75BB2BA-AF62-45E2-8C10-0D3FB8E6F8D7}.Debug|Any CPU.Build.0 = Debug|Any CPU
		{F75BB2BA-AF62-45E2-8C10-0D3FB8E6F8D7}.Release|Any CPU.ActiveCfg = Release|Any CPU
		{F75BB2BA-AF62-45E2-8C10-0D3FB8E6F8D7}.Release|Any CPU.Build.0 = Release|Any CPU
		{8EFF1C1B-4A84-4124-BFDF-9F9C67991F5A}.Debug|Any CPU.ActiveCfg = Debug|Any CPU
		{8EFF1C1B-4A84-4124-BFDF-9F9C67991F5A}.Debug|Any CPU.Build.0 = Debug|Any CPU
		{8EFF1C1B-4A84-4124-BFDF-9F9C67991F5A}.Release|Any CPU.ActiveCfg = Release|Any CPU
		{8EFF1C1B-4A84-4124-BFDF-9F9C67991F5A}.Release|Any CPU.Build.0 = Release|Any CPU
		{75ACAE06-BE63-4A77-BE10-BF6BC8BED74C}.Debug|Any CPU.ActiveCfg = Debug|Any CPU
		{75ACAE06-BE63-4A77-BE10-BF6BC8BED74C}.Debug|Any CPU.Build.0 = Debug|Any CPU
		{75ACAE06-BE63-4A77-BE10-BF6BC8BED74C}.Release|Any CPU.ActiveCfg = Release|Any CPU
		{75ACAE06-BE63-4A77-BE10-BF6BC8BED74C}.Release|Any CPU.Build.0 = Release|Any CPU
		{ABB359CC-EEC0-4331-9741-427B7F210CF4}.Debug|Any CPU.ActiveCfg = Debug|Any CPU
		{ABB359CC-EEC0-4331-9741-427B7F210CF4}.Debug|Any CPU.Build.0 = Debug|Any CPU
		{ABB359CC-EEC0-4331-9741-427B7F210CF4}.Release|Any CPU.ActiveCfg = Release|Any CPU
		{ABB359CC-EEC0-4331-9741-427B7F210CF4}.Release|Any CPU.Build.0 = Release|Any CPU
	EndGlobalSection
	GlobalSection(SolutionProperties) = preSolution
		HideSolutionNode = FALSE
	EndGlobalSection
	GlobalSection(NestedProjects) = preSolution
		{0E1CE40F-4A44-4AC4-97E1-ABEE14E8D971} = {00A00976-D0A0-4CAE-9D85-91979F989F98}
		{F75BB2BA-AF62-45E2-8C10-0D3FB8E6F8D7} = {13BF43BA-DB41-4278-AC5F-847B068B4C61}
		{8EFF1C1B-4A84-4124-BFDF-9F9C67991F5A} = {E275EE36-9845-4808-9A3C-58EA46CDFBFC}
		{75ACAE06-BE63-4A77-BE10-BF6BC8BED74C} = {B4AD23F2-D456-4A2E-A9DA-223B853ED2C0}
		{ABB359CC-EEC0-4331-9741-427B7F210CF4} = {C0D5F01C-0548-474A-A836-42B5690FE156}
	EndGlobalSection
	GlobalSection(ExtensibilityGlobals) = postSolution
		SolutionGuid = {150CDA8E-1343-47C1-A1CE-F4AE3C79D42D}
	EndGlobalSection
EndGlobal
