
Microsoft Visual Studio Solution File, Format Version 12.00
# Visual Studio Version 17
VisualStudioVersion = 17.14.36327.8
MinimumVisualStudioVersion = 10.0.40219.1
Project("{2150E333-8FDC-42A3-9474-1A3956D46DE8}") = "UNIDAD 1", "UNIDAD 1", "{02EA681E-C7D8-13C7-8484-4AC65E1B71E8}"
EndProject
Project("{2150E333-8FDC-42A3-9474-1A3956D46DE8}") = "Ejercicio01", "Ejercicio01", "{60797099-1E43-4239-8552-C092254C8477}"
EndProject
Project("{2150E333-8FDC-42A3-9474-1A3956D46DE8}") = "Ejercicio02", "Ejercicio02", "{D9FC1683-23E7-4F0E-A945-BE7A9FFFC0F4}"
EndProject
Project("{FAE04EC0-301F-11D3-BF4B-00C04F79EFBC}") = "Ejercicio1Repaso", "Ejercicio1Repaso\Ejercicio1Repaso.csproj", "{9E2555B0-D105-4676-A106-5A4A03EF1086}"
EndProject
Project("{FAE04EC0-301F-11D3-BF4B-00C04F79EFBC}") = "Ejercicio2Repaso", "Ejercicio2Repaso\Ejercicio2Repaso.csproj", "{E7A17CE3-E455-48A6-9576-48E1AA33A2DE}"
EndProject
Project("{2150E333-8FDC-42A3-9474-1A3956D46DE8}") = "TP01 SQL", "TP01 SQL", "{02CF209F-A653-4A2B-9877-780CFE818F85}"
EndProject
Project("{FAE04EC0-301F-11D3-BF4B-00C04F79EFBC}") = "TP01CRUDSQL", "TP01CRUDSQL\TP01CRUDSQL.csproj", "{6C528959-8B67-4835-9228-4938FFA56237}"
EndProject
Project("{2150E333-8FDC-42A3-9474-1A3956D46DE8}") = "Practica parcial 1", "Practica parcial 1", "{D5DC4B73-AA29-4D40-942C-F466681CEA2F}"
EndProject
Project("{2150E333-8FDC-42A3-9474-1A3956D46DE8}") = "p1", "p1", "{73705964-395D-48B1-AD0A-89F996F5B07F}"
EndProject
Project("{FAE04EC0-301F-11D3-BF4B-00C04F79EFBC}") = "LIKE HIMMMM", "..\..\LIKE HIMMMM\LIKE HIMMMM.csproj", "{12ED3650-F5B2-14E8-CB63-B7F311B52735}"
EndProject
Project("{2150E333-8FDC-42A3-9474-1A3956D46DE8}") = "p2", "p2", "{2DB1548F-CA32-4AB0-BE59-C69E794E77ED}"
EndProject
Project("{FAE04EC0-301F-11D3-BF4B-00C04F79EFBC}") = "MUSIQUITA", "..\..\MUSIQUITA\MUSIQUITA.csproj", "{456249DF-3FBB-55EC-F564-2619250D1E3C}"
EndProject
Project("{2150E333-8FDC-42A3-9474-1A3956D46DE8}") = "p3", "p3", "{1376F0F1-9789-4C0B-85AA-11FE59B02EB4}"
EndProject
Project("{FAE04EC0-301F-11D3-BF4B-00C04F79EFBC}") = "OUTLANDER", "..\..\OUTLANDER\OUTLANDER.csproj", "{B42BF89E-F3AF-D669-3480-E8FE77CB5587}"
EndProject
Project("{2150E333-8FDC-42A3-9474-1A3956D46DE8}") = "p4", "p4", "{B061285B-EA8F-4E7A-A451-A634ED79504D}"
EndProject
Project("{FAE04EC0-301F-11D3-BF4B-00C04F79EFBC}") = "SeguimosPracticando", "..\..\practicaaa\SeguimosPracticando.csproj", "{E69BF8FE-5DD9-7530-F27D-B5BAAECD27D6}"
EndProject
Project("{2150E333-8FDC-42A3-9474-1A3956D46DE8}") = "p5", "p5", "{C6F1D3E4-44D5-43E0-99D1-4CBD7F16F8EF}"
EndProject
Project("{FAE04EC0-301F-11D3-BF4B-00C04F79EFBC}") = "QUINCES", "..\..\QUINCES\QUINCES.csproj", "{1DE762E3-484A-7BAE-D374-43E0CF75C21E}"
EndProject
Project("{2150E333-8FDC-42A3-9474-1A3956D46DE8}") = "TP'S", "TP'S", "{BF590834-9CBF-4CFF-A19B-A33CF7C4F5C7}"
EndProject
Project("{FAE04EC0-301F-11D3-BF4B-00C04F79EFBC}") = "1Practica2025", "..\1Practica2025\1Practica2025.csproj", "{E5D1A69E-15D0-4C10-2830-B231973A102C}"
EndProject
Project("{2150E333-8FDC-42A3-9474-1A3956D46DE8}") = "TP01 SQL INTENTO 2", "TP01 SQL INTENTO 2", "{2F157CFB-4FEC-4A4C-857A-54B2103B0932}"
EndProject
Project("{2150E333-8FDC-42A3-9474-1A3956D46DE8}") = "repaso parcial 1", "repaso parcial 1", "{9127D82D-91FB-46B2-9010-7067C78CE5D9}"
EndProject
Project("{FAE04EC0-301F-11D3-BF4B-00C04F79EFBC}") = "REPASOPARCIALCRUD", "..\REPASOPARCIALCRUD\REPASOPARCIALCRUD.csproj", "{9950362D-A82B-9E4A-07AC-832555AD66CE}"
EndProject
Project("{2150E333-8FDC-42A3-9474-1A3956D46DE8}") = "PARCIAL 2", "PARCIAL 2", "{0E6DBE8E-CCD2-4588-981D-4E09092BF47D}"
EndProject
Project("{2150E333-8FDC-42A3-9474-1A3956D46DE8}") = "modelo", "modelo", "{6B1848CF-1BA0-4E5A-935E-ABCFFF22926C}"
EndProject
Project("{2150E333-8FDC-42A3-9474-1A3956D46DE8}") = "vista", "vista", "{DA9479F7-967D-4101-96CF-FD823BDA0966}"
EndProject
Project("{2150E333-8FDC-42A3-9474-1A3956D46DE8}") = "controladora", "controladora", "{02A0E033-A85E-4BE1-BD1C-F7B51317DF9F}"
EndProject
Project("{2150E333-8FDC-42A3-9474-1A3956D46DE8}") = "entidades", "entidades", "{6517AB32-38B0-4DD4-B5F7-6E93731A8764}"
EndProject
Project("{FAE04EC0-301F-11D3-BF4B-00C04F79EFBC}") = "Modelo", "..\..\..\DAS PARCIAL 2\SistemaGestionCuentas\Modelo\Modelo.csproj", "{C8509CB0-B46A-5196-DA09-63962C1457B2}"
EndProject
Project("{FAE04EC0-301F-11D3-BF4B-00C04F79EFBC}") = "Entidades", "..\..\..\DAS PARCIAL 2\SistemaGestionCuentas\Entidades\Entidades.csproj", "{65611B84-D47A-19C0-BB89-E2B341537D1B}"
EndProject
Project("{FAE04EC0-301F-11D3-BF4B-00C04F79EFBC}") = "Controladora", "..\..\..\DAS PARCIAL 2\SistemaGestionCuentas\Controladora\Controladora.csproj", "{28907335-4E34-CE9C-0BCA-C127932F24A7}"
EndProject
Project("{FAE04EC0-301F-11D3-BF4B-00C04F79EFBC}") = "Vista", "..\..\..\DAS PARCIAL 2\SistemaGestionCuentas\Vista\Vista.csproj", "{1989050C-E0E8-37A9-B0FC-D62E4B749904}"
EndProject
Global
	GlobalSection(SolutionConfigurationPlatforms) = preSolution
		Debug|Any CPU = Debug|Any CPU
		Release|Any CPU = Release|Any CPU
	EndGlobalSection
	GlobalSection(ProjectConfigurationPlatforms) = postSolution
		{9E2555B0-D105-4676-A106-5A4A03EF1086}.Debug|Any CPU.ActiveCfg = Debug|Any CPU
		{9E2555B0-D105-4676-A106-5A4A03EF1086}.Debug|Any CPU.Build.0 = Debug|Any CPU
		{9E2555B0-D105-4676-A106-5A4A03EF1086}.Release|Any CPU.ActiveCfg = Release|Any CPU
		{9E2555B0-D105-4676-A106-5A4A03EF1086}.Release|Any CPU.Build.0 = Release|Any CPU
		{E7A17CE3-E455-48A6-9576-48E1AA33A2DE}.Debug|Any CPU.ActiveCfg = Debug|Any CPU
		{E7A17CE3-E455-48A6-9576-48E1AA33A2DE}.Debug|Any CPU.Build.0 = Debug|Any CPU
		{E7A17CE3-E455-48A6-9576-48E1AA33A2DE}.Release|Any CPU.ActiveCfg = Release|Any CPU
		{E7A17CE3-E455-48A6-9576-48E1AA33A2DE}.Release|Any CPU.Build.0 = Release|Any CPU
		{6C528959-8B67-4835-9228-4938FFA56237}.Debug|Any CPU.ActiveCfg = Debug|Any CPU
		{6C528959-8B67-4835-9228-4938FFA56237}.Debug|Any CPU.Build.0 = Debug|Any CPU
		{6C528959-8B67-4835-9228-4938FFA56237}.Release|Any CPU.ActiveCfg = Release|Any CPU
		{6C528959-8B67-4835-9228-4938FFA56237}.Release|Any CPU.Build.0 = Release|Any CPU
		{12ED3650-F5B2-14E8-CB63-B7F311B52735}.Debug|Any CPU.ActiveCfg = Debug|Any CPU
		{12ED3650-F5B2-14E8-CB63-B7F311B52735}.Debug|Any CPU.Build.0 = Debug|Any CPU
		{12ED3650-F5B2-14E8-CB63-B7F311B52735}.Release|Any CPU.ActiveCfg = Release|Any CPU
		{12ED3650-F5B2-14E8-CB63-B7F311B52735}.Release|Any CPU.Build.0 = Release|Any CPU
		{456249DF-3FBB-55EC-F564-2619250D1E3C}.Debug|Any CPU.ActiveCfg = Debug|Any CPU
		{456249DF-3FBB-55EC-F564-2619250D1E3C}.Debug|Any CPU.Build.0 = Debug|Any CPU
		{456249DF-3FBB-55EC-F564-2619250D1E3C}.Release|Any CPU.ActiveCfg = Release|Any CPU
		{456249DF-3FBB-55EC-F564-2619250D1E3C}.Release|Any CPU.Build.0 = Release|Any CPU
		{B42BF89E-F3AF-D669-3480-E8FE77CB5587}.Debug|Any CPU.ActiveCfg = Debug|Any CPU
		{B42BF89E-F3AF-D669-3480-E8FE77CB5587}.Debug|Any CPU.Build.0 = Debug|Any CPU
		{B42BF89E-F3AF-D669-3480-E8FE77CB5587}.Release|Any CPU.ActiveCfg = Release|Any CPU
		{B42BF89E-F3AF-D669-3480-E8FE77CB5587}.Release|Any CPU.Build.0 = Release|Any CPU
		{E69BF8FE-5DD9-7530-F27D-B5BAAECD27D6}.Debug|Any CPU.ActiveCfg = Debug|Any CPU
		{E69BF8FE-5DD9-7530-F27D-B5BAAECD27D6}.Debug|Any CPU.Build.0 = Debug|Any CPU
		{E69BF8FE-5DD9-7530-F27D-B5BAAECD27D6}.Release|Any CPU.ActiveCfg = Release|Any CPU
		{E69BF8FE-5DD9-7530-F27D-B5BAAECD27D6}.Release|Any CPU.Build.0 = Release|Any CPU
		{1DE762E3-484A-7BAE-D374-43E0CF75C21E}.Debug|Any CPU.ActiveCfg = Debug|Any CPU
		{1DE762E3-484A-7BAE-D374-43E0CF75C21E}.Debug|Any CPU.Build.0 = Debug|Any CPU
		{1DE762E3-484A-7BAE-D374-43E0CF75C21E}.Release|Any CPU.ActiveCfg = Release|Any CPU
		{1DE762E3-484A-7BAE-D374-43E0CF75C21E}.Release|Any CPU.Build.0 = Release|Any CPU
		{E5D1A69E-15D0-4C10-2830-B231973A102C}.Debug|Any CPU.ActiveCfg = Debug|Any CPU
		{E5D1A69E-15D0-4C10-2830-B231973A102C}.Debug|Any CPU.Build.0 = Debug|Any CPU
		{E5D1A69E-15D0-4C10-2830-B231973A102C}.Release|Any CPU.ActiveCfg = Release|Any CPU
		{E5D1A69E-15D0-4C10-2830-B231973A102C}.Release|Any CPU.Build.0 = Release|Any CPU
		{9950362D-A82B-9E4A-07AC-832555AD66CE}.Debug|Any CPU.ActiveCfg = Debug|Any CPU
		{9950362D-A82B-9E4A-07AC-832555AD66CE}.Debug|Any CPU.Build.0 = Debug|Any CPU
		{9950362D-A82B-9E4A-07AC-832555AD66CE}.Release|Any CPU.ActiveCfg = Release|Any CPU
		{9950362D-A82B-9E4A-07AC-832555AD66CE}.Release|Any CPU.Build.0 = Release|Any CPU
		{C8509CB0-B46A-5196-DA09-63962C1457B2}.Debug|Any CPU.ActiveCfg = Debug|Any CPU
		{C8509CB0-B46A-5196-DA09-63962C1457B2}.Debug|Any CPU.Build.0 = Debug|Any CPU
		{C8509CB0-B46A-5196-DA09-63962C1457B2}.Release|Any CPU.ActiveCfg = Release|Any CPU
		{C8509CB0-B46A-5196-DA09-63962C1457B2}.Release|Any CPU.Build.0 = Release|Any CPU
		{65611B84-D47A-19C0-BB89-E2B341537D1B}.Debug|Any CPU.ActiveCfg = Debug|Any CPU
		{65611B84-D47A-19C0-BB89-E2B341537D1B}.Debug|Any CPU.Build.0 = Debug|Any CPU
		{65611B84-D47A-19C0-BB89-E2B341537D1B}.Release|Any CPU.ActiveCfg = Release|Any CPU
		{65611B84-D47A-19C0-BB89-E2B341537D1B}.Release|Any CPU.Build.0 = Release|Any CPU
		{28907335-4E34-CE9C-0BCA-C127932F24A7}.Debug|Any CPU.ActiveCfg = Debug|Any CPU
		{28907335-4E34-CE9C-0BCA-C127932F24A7}.Debug|Any CPU.Build.0 = Debug|Any CPU
		{28907335-4E34-CE9C-0BCA-C127932F24A7}.Release|Any CPU.ActiveCfg = Release|Any CPU
		{28907335-4E34-CE9C-0BCA-C127932F24A7}.Release|Any CPU.Build.0 = Release|Any CPU
		{1989050C-E0E8-37A9-B0FC-D62E4B749904}.Debug|Any CPU.ActiveCfg = Debug|Any CPU
		{1989050C-E0E8-37A9-B0FC-D62E4B749904}.Debug|Any CPU.Build.0 = Debug|Any CPU
		{1989050C-E0E8-37A9-B0FC-D62E4B749904}.Release|Any CPU.ActiveCfg = Release|Any CPU
		{1989050C-E0E8-37A9-B0FC-D62E4B749904}.Release|Any CPU.Build.0 = Release|Any CPU
	EndGlobalSection
	GlobalSection(SolutionProperties) = preSolution
		HideSolutionNode = FALSE
	EndGlobalSection
	GlobalSection(NestedProjects) = preSolution
		{60797099-1E43-4239-8552-C092254C8477} = {02EA681E-C7D8-13C7-8484-4AC65E1B71E8}
		{D9FC1683-23E7-4F0E-A945-BE7A9FFFC0F4} = {02EA681E-C7D8-13C7-8484-4AC65E1B71E8}
		{9E2555B0-D105-4676-A106-5A4A03EF1086} = {60797099-1E43-4239-8552-C092254C8477}
		{E7A17CE3-E455-48A6-9576-48E1AA33A2DE} = {D9FC1683-23E7-4F0E-A945-BE7A9FFFC0F4}
		{02CF209F-A653-4A2B-9877-780CFE818F85} = {BF590834-9CBF-4CFF-A19B-A33CF7C4F5C7}
		{6C528959-8B67-4835-9228-4938FFA56237} = {02CF209F-A653-4A2B-9877-780CFE818F85}
		{73705964-395D-48B1-AD0A-89F996F5B07F} = {D5DC4B73-AA29-4D40-942C-F466681CEA2F}
		{12ED3650-F5B2-14E8-CB63-B7F311B52735} = {73705964-395D-48B1-AD0A-89F996F5B07F}
		{2DB1548F-CA32-4AB0-BE59-C69E794E77ED} = {D5DC4B73-AA29-4D40-942C-F466681CEA2F}
		{456249DF-3FBB-55EC-F564-2619250D1E3C} = {2DB1548F-CA32-4AB0-BE59-C69E794E77ED}
		{1376F0F1-9789-4C0B-85AA-11FE59B02EB4} = {D5DC4B73-AA29-4D40-942C-F466681CEA2F}
		{B42BF89E-F3AF-D669-3480-E8FE77CB5587} = {1376F0F1-9789-4C0B-85AA-11FE59B02EB4}
		{B061285B-EA8F-4E7A-A451-A634ED79504D} = {D5DC4B73-AA29-4D40-942C-F466681CEA2F}
		{E69BF8FE-5DD9-7530-F27D-B5BAAECD27D6} = {B061285B-EA8F-4E7A-A451-A634ED79504D}
		{C6F1D3E4-44D5-43E0-99D1-4CBD7F16F8EF} = {D5DC4B73-AA29-4D40-942C-F466681CEA2F}
		{1DE762E3-484A-7BAE-D374-43E0CF75C21E} = {C6F1D3E4-44D5-43E0-99D1-4CBD7F16F8EF}
		{E5D1A69E-15D0-4C10-2830-B231973A102C} = {2F157CFB-4FEC-4A4C-857A-54B2103B0932}
		{2F157CFB-4FEC-4A4C-857A-54B2103B0932} = {BF590834-9CBF-4CFF-A19B-A33CF7C4F5C7}
		{9127D82D-91FB-46B2-9010-7067C78CE5D9} = {D5DC4B73-AA29-4D40-942C-F466681CEA2F}
		{9950362D-A82B-9E4A-07AC-832555AD66CE} = {9127D82D-91FB-46B2-9010-7067C78CE5D9}
		{6B1848CF-1BA0-4E5A-935E-ABCFFF22926C} = {0E6DBE8E-CCD2-4588-981D-4E09092BF47D}
		{DA9479F7-967D-4101-96CF-FD823BDA0966} = {0E6DBE8E-CCD2-4588-981D-4E09092BF47D}
		{02A0E033-A85E-4BE1-BD1C-F7B51317DF9F} = {0E6DBE8E-CCD2-4588-981D-4E09092BF47D}
		{6517AB32-38B0-4DD4-B5F7-6E93731A8764} = {0E6DBE8E-CCD2-4588-981D-4E09092BF47D}
		{C8509CB0-B46A-5196-DA09-63962C1457B2} = {6B1848CF-1BA0-4E5A-935E-ABCFFF22926C}
		{65611B84-D47A-19C0-BB89-E2B341537D1B} = {6517AB32-38B0-4DD4-B5F7-6E93731A8764}
		{28907335-4E34-CE9C-0BCA-C127932F24A7} = {02A0E033-A85E-4BE1-BD1C-F7B51317DF9F}
		{1989050C-E0E8-37A9-B0FC-D62E4B749904} = {DA9479F7-967D-4101-96CF-FD823BDA0966}
	EndGlobalSection
	GlobalSection(ExtensibilityGlobals) = postSolution
		SolutionGuid = {CABF4344-30F8-4DC9-9BC4-D7B2E279A372}
	EndGlobalSection
EndGlobal
