
Microsoft Visual Studio Solution File, Format Version 12.00
# Visual Studio Version 17
VisualStudioVersion = 17.14.36327.8
MinimumVisualStudioVersion = 10.0.40219.1
Project("{2150E333-8FDC-42A3-9474-1A3956D46DE8}") = "UNIDAD 1", "UNIDAD 1", "{02EA681E-C7D8-13C7-8484-4AC65E1B71E8}"
EndProject
Project("{2150E333-8FDC-42A3-9474-1A3956D46DE8}") = "UNIDAD 2", "UNIDAD 2", "{5E491927-204E-4E88-ABF7-A8E70E33481C}"
EndProject
Project("{2150E333-8FDC-42A3-9474-1A3956D46DE8}") = "UNIDAD 3", "UNIDAD 3", "{DB9A83FE-964F-4DC8-823C-D74AB697549A}"
EndProject
Project("{2150E333-8FDC-42A3-9474-1A3956D46DE8}") = "UNIDAD 4", "UNIDAD 4", "{855832D1-63BA-4A66-8394-C4536DEA553F}"
EndProject
Project("{2150E333-8FDC-42A3-9474-1A3956D46DE8}") = "UNIDAD 5", "UNIDAD 5", "{81D80A47-C76A-49CD-9033-11B049906C86}"
EndProject
Project("{2150E333-8FDC-42A3-9474-1A3956D46DE8}") = "Ejercicio01", "Ejercicio01", "{60797099-1E43-4239-8552-C092254C8477}"
EndProject
Project("{2150E333-8FDC-42A3-9474-1A3956D46DE8}") = "Ejercicio02", "Ejercicio02", "{D9FC1683-23E7-4F0E-A945-BE7A9FFFC0F4}"
EndProject
Project("{FAE04EC0-301F-11D3-BF4B-00C04F79EFBC}") = "Ejercicio1Repaso", "Ejercicio1Repaso\Ejercicio1Repaso.csproj", "{9E2555B0-D105-4676-A106-5A4A03EF1086}"
EndProject
Project("{FAE04EC0-301F-11D3-BF4B-00C04F79EFBC}") = "Ejercicio2Repaso", "Ejercicio2Repaso\Ejercicio2Repaso.csproj", "{E7A17CE3-E455-48A6-9576-48E1AA33A2DE}"
EndProject
Project("{2150E333-8FDC-42A3-9474-1A3956D46DE8}") = "TP01 SQL", "TP01 SQL", "{02CF209F-A653-4A2B-9877-780CFE818F85}"
EndProject
Project("{FAE04EC0-301F-11D3-BF4B-00C04F79EFBC}") = "TP01CRUDSQL", "TP01CRUDSQL\TP01CRUDSQL.csproj", "{6C528959-8B67-4835-9228-4938FFA56237}"
EndProject
Global
	GlobalSection(SolutionConfigurationPlatforms) = preSolution
		Debug|Any CPU = Debug|Any CPU
		Release|Any CPU = Release|Any CPU
	EndGlobalSection
	GlobalSection(ProjectConfigurationPlatforms) = postSolution
		{9E2555B0-D105-4676-A106-5A4A03EF1086}.Debug|Any CPU.ActiveCfg = Debug|Any CPU
		{9E2555B0-D105-4676-A106-5A4A03EF1086}.Debug|Any CPU.Build.0 = Debug|Any CPU
		{9E2555B0-D105-4676-A106-5A4A03EF1086}.Release|Any CPU.ActiveCfg = Release|Any CPU
		{9E2555B0-D105-4676-A106-5A4A03EF1086}.Release|Any CPU.Build.0 = Release|Any CPU
		{E7A17CE3-E455-48A6-9576-48E1AA33A2DE}.Debug|Any CPU.ActiveCfg = Debug|Any CPU
		{E7A17CE3-E455-48A6-9576-48E1AA33A2DE}.Debug|Any CPU.Build.0 = Debug|Any CPU
		{E7A17CE3-E455-48A6-9576-48E1AA33A2DE}.Release|Any CPU.ActiveCfg = Release|Any CPU
		{E7A17CE3-E455-48A6-9576-48E1AA33A2DE}.Release|Any CPU.Build.0 = Release|Any CPU
		{6C528959-8B67-4835-9228-4938FFA56237}.Debug|Any CPU.ActiveCfg = Debug|Any CPU
		{6C528959-8B67-4835-9228-4938FFA56237}.Debug|Any CPU.Build.0 = Debug|Any CPU
		{6C528959-8B67-4835-9228-4938FFA56237}.Release|Any CPU.ActiveCfg = Release|Any CPU
		{6C528959-8B67-4835-9228-4938FFA56237}.Release|Any CPU.Build.0 = Release|Any CPU
	EndGlobalSection
	GlobalSection(SolutionProperties) = preSolution
		HideSolutionNode = FALSE
	EndGlobalSection
	GlobalSection(NestedProjects) = preSolution
		{60797099-1E43-4239-8552-C092254C8477} = {02EA681E-C7D8-13C7-8484-4AC65E1B71E8}
		{D9FC1683-23E7-4F0E-A945-BE7A9FFFC0F4} = {02EA681E-C7D8-13C7-8484-4AC65E1B71E8}
		{9E2555B0-D105-4676-A106-5A4A03EF1086} = {60797099-1E43-4239-8552-C092254C8477}
		{E7A17CE3-E455-48A6-9576-48E1AA33A2DE} = {D9FC1683-23E7-4F0E-A945-BE7A9FFFC0F4}
		{02CF209F-A653-4A2B-9877-780CFE818F85} = {02EA681E-C7D8-13C7-8484-4AC65E1B71E8}
		{6C528959-8B67-4835-9228-4938FFA56237} = {02CF209F-A653-4A2B-9877-780CFE818F85}
	EndGlobalSection
	GlobalSection(ExtensibilityGlobals) = postSolution
		SolutionGuid = {CABF4344-30F8-4DC9-9BC4-D7B2E279A372}
	EndGlobalSection
EndGlobal
