
Microsoft Visual Studio Solution File, Format Version 12.00
# Visual Studio Version 17
VisualStudioVersion = 17.14.36414.22 d17.14
MinimumVisualStudioVersion = 10.0.40219.1
Project("{FAE04EC0-301F-11D3-BF4B-00C04F79EFBC}") = "OUTLANDER", "OUTLANDER.csproj", "{8AE609B5-3370-4C36-A9C1-86C4C88E8DD0}"
EndProject
Global
	GlobalSection(SolutionConfigurationPlatforms) = preSolution
		Debug|Any CPU = Debug|Any CPU
		Release|Any CPU = Release|Any CPU
	EndGlobalSection
	GlobalSection(ProjectConfigurationPlatforms) = postSolution
		{8AE609B5-3370-4C36-A9C1-86C4C88E8DD0}.Debug|Any CPU.ActiveCfg = Debug|Any CPU
		{8AE609B5-3370-4C36-A9C1-86C4C88E8DD0}.Debug|Any CPU.Build.0 = Debug|Any CPU
		{8AE609B5-3370-4C36-A9C1-86C4C88E8DD0}.Release|Any CPU.ActiveCfg = Release|Any CPU
		{8AE609B5-3370-4C36-A9C1-86C4C88E8DD0}.Release|Any CPU.Build.0 = Release|Any CPU
	EndGlobalSection
	GlobalSection(SolutionProperties) = preSolution
		HideSolutionNode = FALSE
	EndGlobalSection
	GlobalSection(ExtensibilityGlobals) = postSolution
		SolutionGuid = {BA2F8AE6-3BDE-4C70-8B44-41F3562671CD}
	EndGlobalSection
EndGlobal
