
Microsoft Visual Studio Solution File, Format Version 12.00
# Visual Studio Version 17
VisualStudioVersion = 17.14.36414.22 d17.14
MinimumVisualStudioVersion = 10.0.40219.1
Project("{FAE04EC0-301F-11D3-BF4B-00C04F79EFBC}") = "MUSIQUITA", "MUSIQUITA.csproj", "{AEF3C3DF-E3CF-430C-840E-F7CCCB8749E6}"
EndProject
Global
	GlobalSection(SolutionConfigurationPlatforms) = preSolution
		Debug|Any CPU = Debug|Any CPU
		Release|Any CPU = Release|Any CPU
	EndGlobalSection
	GlobalSection(ProjectConfigurationPlatforms) = postSolution
		{AEF3C3DF-E3CF-430C-840E-F7CCCB8749E6}.Debug|Any CPU.ActiveCfg = Debug|Any CPU
		{AEF3C3DF-E3CF-430C-840E-F7CCCB8749E6}.Debug|Any CPU.Build.0 = Debug|Any CPU
		{AEF3C3DF-E3CF-430C-840E-F7CCCB8749E6}.Release|Any CPU.ActiveCfg = Release|Any CPU
		{AEF3C3DF-E3CF-430C-840E-F7CCCB8749E6}.Release|Any CPU.Build.0 = Release|Any CPU
	EndGlobalSection
	GlobalSection(SolutionProperties) = preSolution
		HideSolutionNode = FALSE
	EndGlobalSection
	GlobalSection(ExtensibilityGlobals) = postSolution
		SolutionGuid = {20B07FAC-99DC-434C-8BA2-6A6D70BAD898}
	EndGlobalSection
EndGlobal
