
Microsoft Visual Studio Solution File, Format Version 12.00
# Visual Studio Version 17
VisualStudioVersion = 17.14.36414.22 d17.14
MinimumVisualStudioVersion = 10.0.40219.1
Project("{FAE04EC0-301F-11D3-BF4B-00C04F79EFBC}") = "SeguimosPracticando", "SeguimosPracticando.csproj", "{0C18B4CE-BF31-41B0-9F96-B688EF593834}"
EndProject
Global
	GlobalSection(SolutionConfigurationPlatforms) = preSolution
		Debug|Any CPU = Debug|Any CPU
		Release|Any CPU = Release|Any CPU
	EndGlobalSection
	GlobalSection(ProjectConfigurationPlatforms) = postSolution
		{0C18B4CE-BF31-41B0-9F96-B688EF593834}.Debug|Any CPU.ActiveCfg = Debug|Any CPU
		{0C18B4CE-BF31-41B0-9F96-B688EF593834}.Debug|Any CPU.Build.0 = Debug|Any CPU
		{0C18B4CE-BF31-41B0-9F96-B688EF593834}.Release|Any CPU.ActiveCfg = Release|Any CPU
		{0C18B4CE-BF31-41B0-9F96-B688EF593834}.Release|Any CPU.Build.0 = Release|Any CPU
	EndGlobalSection
	GlobalSection(SolutionProperties) = preSolution
		HideSolutionNode = FALSE
	EndGlobalSection
	GlobalSection(ExtensibilityGlobals) = postSolution
		SolutionGuid = {F33BC444-069E-4A6A-8B70-DE2C3EF133FB}
	EndGlobalSection
EndGlobal
